PODS:
  - IGListKit (3.4.0):
    - IGListKit/Default (= 3.4.0)
  - IGListKit/Default (3.4.0):
    - IGListKit/Diffing
  - IGListKit/Diffing (3.4.0)
  - IQKeyboardManagerSwift (6.5.0)
  - MBProgressHUD (1.1.0)
  - PromiseKit/CorePromise (6.11.0)
  - RxSwift (5.0.0)
  - SwiftProtobuf (1.6.0)
  - SwipeCellKit (2.7.1)

DEPENDENCIES:
  - IGListKit (from `https://github.com/Instagram/IGListKit`)
  - IQKeyboardManagerSwift
  - MBProgressHUD
  - PromiseKit/CorePromise
  - RxSwift
  - SwiftProtobuf
  - SwipeCellKit

SPEC REPOS:
  https://github.com/CocoaPods/Specs.git:
    - IQKeyboardManagerSwift
    - MBProgressHUD
    - PromiseKit
    - RxSwift
    - SwiftProtobuf
    - SwipeCellKit

EXTERNAL SOURCES:
  IGListKit:
    :git: https://github.com/Instagram/IGListKit

CHECKOUT OPTIONS:
  IGListKit:
    :commit: 78246986108e7caf73111fe784057cc107ee67f1
    :git: https://github.com/Instagram/IGListKit

SPEC CHECKSUMS:
  IGListKit: 7a5d788e9fb746bcd402baa8e8b24bc3bd2a5a07
  IQKeyboardManagerSwift: 6cd19976c6e871907c4ed9127c2d3affdd4defc2
  MBProgressHUD: e7baa36a220447d8aeb12769bf0585582f3866d9
  PromiseKit: e4863d06976e7dee5e41c04fc7371c16b3600292
  RxSwift: 8b0671caa829a763bbce7271095859121cbd895f
  SwiftProtobuf: e905ca1366405696411aaf174411c4b19c0ef73d
  SwipeCellKit: 3972254a826da74609926daf59b08d6c72e619ea

PODFILE CHECKSUM: 61666d01685fe009fd27f4e24654c61498e4b6ab

COCOAPODS: 1.8.0
