PODS:
  - IGListDiffKit (4.1.0)
  - IGListKit (4.1.0):
    - IGListDiffKit (= 4.1.0)
  - IQKeyboardManagerSwift (6.5.4)
  - MBProgressHUD (1.1.0)
  - RxRelay (5.0.1):
    - RxSwift (~> 5)
  - RxSwift (5.0.1)
  - SwiftLint (0.38.0)
  - SwiftProtobuf (1.7.0)
  - SwipeCellKit (2.7.1)

DEPENDENCIES:
  - IGListDiffKit (from `https://github.com/Instagram/IGListKit`)
  - IGListKit (from `https://github.com/Instagram/IGListKit`)
  - IQKeyboardManagerSwift
  - MBProgressHUD
  - RxRelay
  - RxSwift
  - SwiftLint
  - SwiftProtobuf
  - SwipeCellKit

SPEC REPOS:
  https://github.com/CocoaPods/Specs.git:
    - IQKeyboardManagerSwift
    - MBProgressHUD
    - RxRelay
    - RxSwift
    - SwiftLint
    - SwiftProtobuf
    - SwipeCellKit

EXTERNAL SOURCES:
  IGListDiffKit:
    :git: https://github.com/Instagram/IGListKit
  IGListKit:
    :git: https://github.com/Instagram/IGListKit

CHECKOUT OPTIONS:
  IGListDiffKit:
    :commit: ee883d308dba8c31a32777983eda58bc548a3c42
    :git: https://github.com/Instagram/IGListKit
  IGListKit:
    :commit: ee883d308dba8c31a32777983eda58bc548a3c42
    :git: https://github.com/Instagram/IGListKit

SPEC CHECKSUMS:
  IGListDiffKit: 7d70583ef1f7883b23b40a21051844c6036128ca
  IGListKit: a2345833762c4ebdf576ed6a51e35db701f0c2f0
  IQKeyboardManagerSwift: 2dde0fc70110e8eac7ccce2a46fdbec6a850b414
  MBProgressHUD: e7baa36a220447d8aeb12769bf0585582f3866d9
  RxRelay: 89d54507f4fd4d969e6ec1d4bd7f3673640b4640
  RxSwift: e2dc62b366a3adf6a0be44ba9f405efd4c94e0c4
  SwiftLint: 4105f061f9812b214568b736dab580ab2c73a582
  SwiftProtobuf: 4fd9645e69b72cbae6ec8da5be0cdd20ca6565dd
  SwipeCellKit: 3972254a826da74609926daf59b08d6c72e619ea

PODFILE CHECKSUM: 81334aeb706697401ad07fe9cf2fa7386a81fe8e

COCOAPODS: 1.8.4
