PODS:
  - IGListDiffKit (4.0.0)
  - IGListKit (4.0.0):
    - IGListDiffKit (= 4.0.0)
  - IQKeyboardManagerSwift (6.5.4)
  - MBProgressHUD (1.1.0)
  - RxRelay (5.0.1):
    - RxSwift (~> 5)
  - RxSwift (5.0.1)
  - SwiftLint (0.37.0)
  - SwiftProtobuf (1.7.0)
  - SwipeCellKit (2.7.1)

DEPENDENCIES:
  - IGListDiffKit (from `https://github.com/Instagram/IGListKit`)
  - IGListKit (from `https://github.com/Instagram/IGListKit`)
  - IQKeyboardManagerSwift
  - MBProgressHUD
  - RxRelay
  - RxSwift
  - SwiftLint
  - SwiftProtobuf
  - SwipeCellKit

SPEC REPOS:
  https://github.com/CocoaPods/Specs.git:
    - IQKeyboardManagerSwift
    - MBProgressHUD
    - RxRelay
    - RxSwift
    - SwiftLint
    - SwiftProtobuf
    - SwipeCellKit

EXTERNAL SOURCES:
  IGListDiffKit:
    :git: https://github.com/Instagram/IGListKit
  IGListKit:
    :git: https://github.com/Instagram/IGListKit

CHECKOUT OPTIONS:
  IGListDiffKit:
    :commit: 0ccf7fef5d7b6629afbd463a71ade278af954588
    :git: https://github.com/Instagram/IGListKit
  IGListKit:
    :commit: 0ccf7fef5d7b6629afbd463a71ade278af954588
    :git: https://github.com/Instagram/IGListKit

SPEC CHECKSUMS:
  IGListDiffKit: 665d6cf43ce726e676013db9c7d6c4294259b6b2
  IGListKit: fd5a5d21935298f5849fa49d426843cff97b77c7
  IQKeyboardManagerSwift: 2dde0fc70110e8eac7ccce2a46fdbec6a850b414
  MBProgressHUD: e7baa36a220447d8aeb12769bf0585582f3866d9
  RxRelay: 89d54507f4fd4d969e6ec1d4bd7f3673640b4640
  RxSwift: e2dc62b366a3adf6a0be44ba9f405efd4c94e0c4
  SwiftLint: c078a14d7d7ade75e5507795d185e3da41d844d2
  SwiftProtobuf: 4fd9645e69b72cbae6ec8da5be0cdd20ca6565dd
  SwipeCellKit: 3972254a826da74609926daf59b08d6c72e619ea

PODFILE CHECKSUM: 81334aeb706697401ad07fe9cf2fa7386a81fe8e

COCOAPODS: 1.8.4
