PODS:
  - IGListDiffKit (4.1.0)
  - IGListKit (4.1.0):
    - IGListDiffKit (= 4.1.0)
  - IQKeyboardManagerSwift (6.5.5)
  - MBProgressHUD (1.2.0)
  - RxRelay (5.1.1):
    - RxSwift (~> 5)
  - RxSwift (5.1.1)
  - SwiftLint (0.39.1)
  - SwiftProtobuf (1.8.0)
  - SwipeCellKit (2.7.1)

DEPENDENCIES:
  - IGListDiffKit (from `https://github.com/Instagram/IGListKit`)
  - IGListKit (from `https://github.com/Instagram/IGListKit`)
  - IQKeyboardManagerSwift
  - MBProgressHUD
  - RxRelay
  - RxSwift
  - SwiftLint
  - SwiftProtobuf
  - SwipeCellKit

SPEC REPOS:
  https://github.com/CocoaPods/Specs.git:
    - IQKeyboardManagerSwift
    - MBProgressHUD
    - RxRelay
    - RxSwift
    - SwiftLint
    - SwiftProtobuf
    - SwipeCellKit

EXTERNAL SOURCES:
  IGListDiffKit:
    :git: https://github.com/Instagram/IGListKit
  IGListKit:
    :git: https://github.com/Instagram/IGListKit

CHECKOUT OPTIONS:
  IGListDiffKit:
    :commit: e437743e2bd144b0286c0c5af6b7fd6aec23302d
    :git: https://github.com/Instagram/IGListKit
  IGListKit:
    :commit: e437743e2bd144b0286c0c5af6b7fd6aec23302d
    :git: https://github.com/Instagram/IGListKit

SPEC CHECKSUMS:
  IGListDiffKit: 7d70583ef1f7883b23b40a21051844c6036128ca
  IGListKit: a2345833762c4ebdf576ed6a51e35db701f0c2f0
  IQKeyboardManagerSwift: 0fb93310284665245591f50f7a5e38de615960b7
  MBProgressHUD: 3ee5efcc380f6a79a7cc9b363dd669c5e1ae7406
  RxRelay: d77f7d771495f43c556cbc43eebd1bb54d01e8e9
  RxSwift: 81470a2074fa8780320ea5fe4102807cb7118178
  SwiftLint: 55e96a4a4d537d4a3156859fc1c54bd24851a046
  SwiftProtobuf: 2cbd9409689b7df170d82a92a33443c8e3e14a70
  SwipeCellKit: 3972254a826da74609926daf59b08d6c72e619ea

PODFILE CHECKSUM: 81334aeb706697401ad07fe9cf2fa7386a81fe8e

COCOAPODS: 1.8.4
