// !$*UTF8*$!
{
	archiveVersion = 1;
	classes = {
	};
	objectVersion = 51;
	objects = {

/* Begin PBXBuildFile section */
		0CE9D3782543462600EDA062 /* NavigationCoordinatorWrapper.swift in Sources */ = {isa = PBXBuildFile; fileRef = 0CE9D3772543462600EDA062 /* NavigationCoordinatorWrapper.swift */; };
		0CE9D37C2543463E00EDA062 /* NavigationCoordinatorWrapperTests.swift in Sources */ = {isa = PBXBuildFile; fileRef = 0CE9D37B2543463E00EDA062 /* NavigationCoordinatorWrapperTests.swift */; };
		1217733ED4ECC7B973CE3F82 /* Pods_Minerva.framework in Frameworks */ = {isa = PBXBuildFile; fileRef = 506C6629BF220271BFD762E9 /* Pods_Minerva.framework */; };
		7B2F7071C99EC43E40224E55 /* Pods_MinervaTests.framework in Frameworks */ = {isa = PBXBuildFile; fileRef = CB7604DF25C8A340E28653D4 /* Pods_MinervaTests.framework */; };
		DDBAF41E24940DE600C2818F /* NavigationCoordinatorNavigator.swift in Sources */ = {isa = PBXBuildFile; fileRef = DDBAF41C24940DE600C2818F /* NavigationCoordinatorNavigator.swift */; };
		DDBAF41F24940DE600C2818F /* NavigationCoordinator.swift in Sources */ = {isa = PBXBuildFile; fileRef = DDBAF41D24940DE600C2818F /* NavigationCoordinator.swift */; };
		DDBAF4232496BE8100C2818F /* NavigationCoordinatorTests.swift in Sources */ = {isa = PBXBuildFile; fileRef = DDBAF4222496BE8100C2818F /* NavigationCoordinatorTests.swift */; };
		F53EAF06237B01A200CB7FFA /* Minerva.framework in Frameworks */ = {isa = PBXBuildFile; fileRef = F5587D4522502BF2004223E5 /* Minerva.framework */; };
		F5587D1322502B10004223E5 /* AppDelegate.swift in Sources */ = {isa = PBXBuildFile; fileRef = F5587D1222502B10004223E5 /* AppDelegate.swift */; };
		F5587D1A22502B11004223E5 /* Assets.xcassets in Resources */ = {isa = PBXBuildFile; fileRef = F5587D1922502B11004223E5 /* Assets.xcassets */; };
		F5587D1D22502B11004223E5 /* LaunchScreen.storyboard in Resources */ = {isa = PBXBuildFile; fileRef = F5587D1B22502B11004223E5 /* LaunchScreen.storyboard */; };
		F5587D4C22502BF3004223E5 /* Minerva.framework in Frameworks */ = {isa = PBXBuildFile; fileRef = F5587D4522502BF2004223E5 /* Minerva.framework */; };
		F5587D4D22502BF3004223E5 /* Minerva.framework in Embed Frameworks */ = {isa = PBXBuildFile; fileRef = F5587D4522502BF2004223E5 /* Minerva.framework */; settings = {ATTRIBUTES = (CodeSignOnCopy, RemoveHeadersOnCopy, ); }; };
		F5587D7022502D62004223E5 /* Minerva.h in Headers */ = {isa = PBXBuildFile; fileRef = F5587D5822502C5A004223E5 /* Minerva.h */; settings = {ATTRIBUTES = (Public, ); }; };
		F5AF6431235E414A0042F342 /* BasicNavigator.swift in Sources */ = {isa = PBXBuildFile; fileRef = F5AF6430235E414A0042F342 /* BasicNavigator.swift */; };
		F5F08AF423192C4900C249E9 /* Coordinator.swift in Sources */ = {isa = PBXBuildFile; fileRef = F5F08AF323192C4900C249E9 /* Coordinator.swift */; };
		F5F08AF623192C9B00C249E9 /* Navigator.swift in Sources */ = {isa = PBXBuildFile; fileRef = F5F08AF523192C9B00C249E9 /* Navigator.swift */; };
		FAE1C12F0BBEF7A411BA9969 /* Pods_MinervaExample.framework in Frameworks */ = {isa = PBXBuildFile; fileRef = 642117C1B9BA88B6D453F767 /* Pods_MinervaExample.framework */; };
/* End PBXBuildFile section */

/* Begin PBXContainerItemProxy section */
		F53EAF07237B01A200CB7FFA /* PBXContainerItemProxy */ = {
			isa = PBXContainerItemProxy;
			containerPortal = F5587D0722502B10004223E5 /* Project object */;
			proxyType = 1;
			remoteGlobalIDString = F5587D4422502BF2004223E5;
			remoteInfo = Minerva;
		};
		F53EAF0C237B068500CB7FFA /* PBXContainerItemProxy */ = {
			isa = PBXContainerItemProxy;
			containerPortal = F5587D0722502B10004223E5 /* Project object */;
			proxyType = 1;
			remoteGlobalIDString = F5587D0E22502B10004223E5;
			remoteInfo = MinervaExample;
		};
		F5587D4A22502BF3004223E5 /* PBXContainerItemProxy */ = {
			isa = PBXContainerItemProxy;
			containerPortal = F5587D0722502B10004223E5 /* Project object */;
			proxyType = 1;
			remoteGlobalIDString = F5587D4422502BF2004223E5;
			remoteInfo = Minerva;
		};
/* End PBXContainerItemProxy section */

/* Begin PBXCopyFilesBuildPhase section */
		F5587D5122502BF3004223E5 /* Embed Frameworks */ = {
			isa = PBXCopyFilesBuildPhase;
			buildActionMask = 2147483647;
			dstPath = "";
			dstSubfolderSpec = 10;
			files = (
				F5587D4D22502BF3004223E5 /* Minerva.framework in Embed Frameworks */,
			);
			name = "Embed Frameworks";
			runOnlyForDeploymentPostprocessing = 0;
		};
/* End PBXCopyFilesBuildPhase section */

/* Begin PBXFileReference section */
		0CE9D3772543462600EDA062 /* NavigationCoordinatorWrapper.swift */ = {isa = PBXFileReference; fileEncoding = 4; lastKnownFileType = sourcecode.swift; path = NavigationCoordinatorWrapper.swift; sourceTree = "<group>"; };
		0CE9D37B2543463E00EDA062 /* NavigationCoordinatorWrapperTests.swift */ = {isa = PBXFileReference; fileEncoding = 4; lastKnownFileType = sourcecode.swift; path = NavigationCoordinatorWrapperTests.swift; sourceTree = "<group>"; };
		2700F39BA609407D5CC8DCB8 /* Pods-MinervaTests.release.xcconfig */ = {isa = PBXFileReference; includeInIndex = 1; lastKnownFileType = text.xcconfig; name = "Pods-MinervaTests.release.xcconfig"; path = "Target Support Files/Pods-MinervaTests/Pods-MinervaTests.release.xcconfig"; sourceTree = "<group>"; };
		506C6629BF220271BFD762E9 /* Pods_Minerva.framework */ = {isa = PBXFileReference; explicitFileType = wrapper.framework; includeInIndex = 0; path = Pods_Minerva.framework; sourceTree = BUILT_PRODUCTS_DIR; };
		58EEA07DD3A096A908482635 /* Pods-MinervaTests.debug.xcconfig */ = {isa = PBXFileReference; includeInIndex = 1; lastKnownFileType = text.xcconfig; name = "Pods-MinervaTests.debug.xcconfig"; path = "Target Support Files/Pods-MinervaTests/Pods-MinervaTests.debug.xcconfig"; sourceTree = "<group>"; };
		642117C1B9BA88B6D453F767 /* Pods_MinervaExample.framework */ = {isa = PBXFileReference; explicitFileType = wrapper.framework; includeInIndex = 0; path = Pods_MinervaExample.framework; sourceTree = BUILT_PRODUCTS_DIR; };
		85CFB5064298B0B6D267890E /* Pods-Minerva.release.xcconfig */ = {isa = PBXFileReference; includeInIndex = 1; lastKnownFileType = text.xcconfig; name = "Pods-Minerva.release.xcconfig"; path = "Target Support Files/Pods-Minerva/Pods-Minerva.release.xcconfig"; sourceTree = "<group>"; };
		8DE86EE781C6ABD14C6802AB /* Pods-MinervaExample.release.xcconfig */ = {isa = PBXFileReference; includeInIndex = 1; lastKnownFileType = text.xcconfig; name = "Pods-MinervaExample.release.xcconfig"; path = "Target Support Files/Pods-MinervaExample/Pods-MinervaExample.release.xcconfig"; sourceTree = "<group>"; };
		93E0189BE68B730696599716 /* Pods-MinervaExample.debug.xcconfig */ = {isa = PBXFileReference; includeInIndex = 1; lastKnownFileType = text.xcconfig; name = "Pods-MinervaExample.debug.xcconfig"; path = "Target Support Files/Pods-MinervaExample/Pods-MinervaExample.debug.xcconfig"; sourceTree = "<group>"; };
		A76488B6EAE20F2878761149 /* Pods-Minerva.debug.xcconfig */ = {isa = PBXFileReference; includeInIndex = 1; lastKnownFileType = text.xcconfig; name = "Pods-Minerva.debug.xcconfig"; path = "Target Support Files/Pods-Minerva/Pods-Minerva.debug.xcconfig"; sourceTree = "<group>"; };
		CB7604DF25C8A340E28653D4 /* Pods_MinervaTests.framework */ = {isa = PBXFileReference; explicitFileType = wrapper.framework; includeInIndex = 0; path = Pods_MinervaTests.framework; sourceTree = BUILT_PRODUCTS_DIR; };
		DDBAF41C24940DE600C2818F /* NavigationCoordinatorNavigator.swift */ = {isa = PBXFileReference; fileEncoding = 4; lastKnownFileType = sourcecode.swift; path = NavigationCoordinatorNavigator.swift; sourceTree = "<group>"; };
		DDBAF41D24940DE600C2818F /* NavigationCoordinator.swift */ = {isa = PBXFileReference; fileEncoding = 4; lastKnownFileType = sourcecode.swift; path = NavigationCoordinator.swift; sourceTree = "<group>"; };
		DDBAF4222496BE8100C2818F /* NavigationCoordinatorTests.swift */ = {isa = PBXFileReference; lastKnownFileType = sourcecode.swift; path = NavigationCoordinatorTests.swift; sourceTree = "<group>"; };
		F53D0B6A2378F0780051A063 /* MinervaExample.entitlements */ = {isa = PBXFileReference; lastKnownFileType = text.plist.entitlements; path = MinervaExample.entitlements; sourceTree = "<group>"; };
		F53EAF01237B01A200CB7FFA /* MinervaTests.xctest */ = {isa = PBXFileReference; explicitFileType = wrapper.cfbundle; includeInIndex = 0; path = MinervaTests.xctest; sourceTree = BUILT_PRODUCTS_DIR; };
		F53EAF05237B01A200CB7FFA /* Info.plist */ = {isa = PBXFileReference; lastKnownFileType = text.plist.xml; path = Info.plist; sourceTree = "<group>"; };
		F5587D0F22502B10004223E5 /* MinervaExample.app */ = {isa = PBXFileReference; explicitFileType = wrapper.application; includeInIndex = 0; path = MinervaExample.app; sourceTree = BUILT_PRODUCTS_DIR; };
		F5587D1222502B10004223E5 /* AppDelegate.swift */ = {isa = PBXFileReference; lastKnownFileType = sourcecode.swift; path = AppDelegate.swift; sourceTree = "<group>"; };
		F5587D1922502B11004223E5 /* Assets.xcassets */ = {isa = PBXFileReference; lastKnownFileType = folder.assetcatalog; path = Assets.xcassets; sourceTree = "<group>"; };
		F5587D1C22502B11004223E5 /* Base */ = {isa = PBXFileReference; lastKnownFileType = file.storyboard; name = Base; path = Base.lproj/LaunchScreen.storyboard; sourceTree = "<group>"; };
		F5587D1E22502B11004223E5 /* Info.plist */ = {isa = PBXFileReference; lastKnownFileType = text.plist.xml; path = Info.plist; sourceTree = "<group>"; };
		F5587D4522502BF2004223E5 /* Minerva.framework */ = {isa = PBXFileReference; explicitFileType = wrapper.framework; includeInIndex = 0; path = Minerva.framework; sourceTree = BUILT_PRODUCTS_DIR; };
		F5587D5222502C5A004223E5 /* Info.plist */ = {isa = PBXFileReference; fileEncoding = 4; lastKnownFileType = text.plist.xml; path = Info.plist; sourceTree = "<group>"; };
		F5587D5822502C5A004223E5 /* Minerva.h */ = {isa = PBXFileReference; fileEncoding = 4; lastKnownFileType = sourcecode.c.h; path = Minerva.h; sourceTree = "<group>"; };
		F5AF6430235E414A0042F342 /* BasicNavigator.swift */ = {isa = PBXFileReference; lastKnownFileType = sourcecode.swift; path = BasicNavigator.swift; sourceTree = "<group>"; };
		F5F08AF323192C4900C249E9 /* Coordinator.swift */ = {isa = PBXFileReference; lastKnownFileType = sourcecode.swift; path = Coordinator.swift; sourceTree = "<group>"; };
		F5F08AF523192C9B00C249E9 /* Navigator.swift */ = {isa = PBXFileReference; lastKnownFileType = sourcecode.swift; path = Navigator.swift; sourceTree = "<group>"; };
/* End PBXFileReference section */

/* Begin PBXFrameworksBuildPhase section */
		F53EAEFE237B01A200CB7FFA /* Frameworks */ = {
			isa = PBXFrameworksBuildPhase;
			buildActionMask = 2147483647;
			files = (
				F53EAF06237B01A200CB7FFA /* Minerva.framework in Frameworks */,
				7B2F7071C99EC43E40224E55 /* Pods_MinervaTests.framework in Frameworks */,
			);
			runOnlyForDeploymentPostprocessing = 0;
		};
		F5587D0C22502B10004223E5 /* Frameworks */ = {
			isa = PBXFrameworksBuildPhase;
			buildActionMask = 2147483647;
			files = (
				F5587D4C22502BF3004223E5 /* Minerva.framework in Frameworks */,
				FAE1C12F0BBEF7A411BA9969 /* Pods_MinervaExample.framework in Frameworks */,
			);
			runOnlyForDeploymentPostprocessing = 0;
		};
		F5587D4222502BF2004223E5 /* Frameworks */ = {
			isa = PBXFrameworksBuildPhase;
			buildActionMask = 2147483647;
			files = (
				1217733ED4ECC7B973CE3F82 /* Pods_Minerva.framework in Frameworks */,
			);
			runOnlyForDeploymentPostprocessing = 0;
		};
/* End PBXFrameworksBuildPhase section */

/* Begin PBXGroup section */
		081ED66ABE5F9C68EBEBD0D8 /* Frameworks */ = {
			isa = PBXGroup;
			children = (
				506C6629BF220271BFD762E9 /* Pods_Minerva.framework */,
				642117C1B9BA88B6D453F767 /* Pods_MinervaExample.framework */,
				CB7604DF25C8A340E28653D4 /* Pods_MinervaTests.framework */,
			);
			name = Frameworks;
			sourceTree = "<group>";
		};
		3F41C872B74F50848A9979C1 /* Pods */ = {
			isa = PBXGroup;
			children = (
				A76488B6EAE20F2878761149 /* Pods-Minerva.debug.xcconfig */,
				85CFB5064298B0B6D267890E /* Pods-Minerva.release.xcconfig */,
				93E0189BE68B730696599716 /* Pods-MinervaExample.debug.xcconfig */,
				8DE86EE781C6ABD14C6802AB /* Pods-MinervaExample.release.xcconfig */,
				58EEA07DD3A096A908482635 /* Pods-MinervaTests.debug.xcconfig */,
				2700F39BA609407D5CC8DCB8 /* Pods-MinervaTests.release.xcconfig */,
			);
			path = Pods;
			sourceTree = "<group>";
		};
		F53EAF02237B01A200CB7FFA /* MinervaTests */ = {
			isa = PBXGroup;
			children = (
				F5EB49E82386C7000029BAAD /* Resources */,
				F5EB49E62386C6DE0029BAAD /* Tests */,
			);
			path = MinervaTests;
			sourceTree = "<group>";
		};
		F5587D0622502B10004223E5 = {
			isa = PBXGroup;
			children = (
				F5587D4622502BF3004223E5 /* Minerva */,
				F5587D1122502B10004223E5 /* MinervaExample */,
				F53EAF02237B01A200CB7FFA /* MinervaTests */,
				3F41C872B74F50848A9979C1 /* Pods */,
				F5587D1022502B10004223E5 /* Products */,
				081ED66ABE5F9C68EBEBD0D8 /* Frameworks */,
			);
			indentWidth = 2;
			sourceTree = "<group>";
			tabWidth = 2;
		};
		F5587D1022502B10004223E5 /* Products */ = {
			isa = PBXGroup;
			children = (
				F5587D0F22502B10004223E5 /* MinervaExample.app */,
				F5587D4522502BF2004223E5 /* Minerva.framework */,
				F53EAF01237B01A200CB7FFA /* MinervaTests.xctest */,
			);
			name = Products;
			sourceTree = "<group>";
		};
		F5587D1122502B10004223E5 /* MinervaExample */ = {
			isa = PBXGroup;
			children = (
				F576F868226DEE250015D14E /* Lifecycle */,
				F584857523395474001DBF1E /* Resources */,
			);
			path = MinervaExample;
			sourceTree = "<group>";
		};
		F5587D4622502BF3004223E5 /* Minerva */ = {
			isa = PBXGroup;
			children = (
				F5F08AF223192C2900C249E9 /* Coordination */,
				F5587D5222502C5A004223E5 /* Info.plist */,
				F5587D5822502C5A004223E5 /* Minerva.h */,
			);
			name = Minerva;
			path = Source;
			sourceTree = SOURCE_ROOT;
		};
		F576F868226DEE250015D14E /* Lifecycle */ = {
			isa = PBXGroup;
			children = (
				F5587D1222502B10004223E5 /* AppDelegate.swift */,
			);
			path = Lifecycle;
			sourceTree = "<group>";
		};
		F584857523395474001DBF1E /* Resources */ = {
			isa = PBXGroup;
			children = (
				F5587D1922502B11004223E5 /* Assets.xcassets */,
				F5587D1E22502B11004223E5 /* Info.plist */,
				F5587D1B22502B11004223E5 /* LaunchScreen.storyboard */,
				F53D0B6A2378F0780051A063 /* MinervaExample.entitlements */,
			);
			path = Resources;
			sourceTree = "<group>";
		};
		F5EB49E62386C6DE0029BAAD /* Tests */ = {
			isa = PBXGroup;
			children = (
				0CE9D37B2543463E00EDA062 /* NavigationCoordinatorWrapperTests.swift */,
				DDBAF4222496BE8100C2818F /* NavigationCoordinatorTests.swift */,
			);
			path = Tests;
			sourceTree = "<group>";
		};
		F5EB49E82386C7000029BAAD /* Resources */ = {
			isa = PBXGroup;
			children = (
				F53EAF05237B01A200CB7FFA /* Info.plist */,
			);
			path = Resources;
			sourceTree = "<group>";
		};
		F5F08AF223192C2900C249E9 /* Coordination */ = {
			isa = PBXGroup;
			children = (
				F5AF6430235E414A0042F342 /* BasicNavigator.swift */,
				F5F08AF323192C4900C249E9 /* Coordinator.swift */,
				DDBAF41D24940DE600C2818F /* NavigationCoordinator.swift */,
				DDBAF41C24940DE600C2818F /* NavigationCoordinatorNavigator.swift */,
				0CE9D3772543462600EDA062 /* NavigationCoordinatorWrapper.swift */,
				F5F08AF523192C9B00C249E9 /* Navigator.swift */,
			);
			path = Coordination;
			sourceTree = "<group>";
		};
/* End PBXGroup section */

/* Begin PBXHeadersBuildPhase section */
		F5587D4022502BF2004223E5 /* Headers */ = {
			isa = PBXHeadersBuildPhase;
			buildActionMask = 2147483647;
			files = (
				F5587D7022502D62004223E5 /* Minerva.h in Headers */,
			);
			runOnlyForDeploymentPostprocessing = 0;
		};
/* End PBXHeadersBuildPhase section */

/* Begin PBXNativeTarget section */
		F53EAF00237B01A200CB7FFA /* MinervaTests */ = {
			isa = PBXNativeTarget;
			buildConfigurationList = F53EAF09237B01A200CB7FFA /* Build configuration list for PBXNativeTarget "MinervaTests" */;
			buildPhases = (
				76D5DDC7BB855E269438163B /* [CP] Check Pods Manifest.lock */,
				F53EAEFD237B01A200CB7FFA /* Sources */,
				F53EAEFE237B01A200CB7FFA /* Frameworks */,
				F53EAEFF237B01A200CB7FFA /* Resources */,
				3B69271CDF829845916CC768 /* [CP] Embed Pods Frameworks */,
			);
			buildRules = (
			);
			dependencies = (
				F53EAF08237B01A200CB7FFA /* PBXTargetDependency */,
				F53EAF0D237B068500CB7FFA /* PBXTargetDependency */,
			);
			name = MinervaTests;
			productName = MinervaTests;
			productReference = F53EAF01237B01A200CB7FFA /* MinervaTests.xctest */;
			productType = "com.apple.product-type.bundle.unit-test";
		};
		F5587D0E22502B10004223E5 /* MinervaExample */ = {
			isa = PBXNativeTarget;
			buildConfigurationList = F5587D3722502B12004223E5 /* Build configuration list for PBXNativeTarget "MinervaExample" */;
			buildPhases = (
				6442496C3C3B783E941CB8D7 /* [CP] Check Pods Manifest.lock */,
				F53EAEFC237B007100CB7FFA /* Run SwiftLint */,
				F5587D0B22502B10004223E5 /* Sources */,
				F5587D0C22502B10004223E5 /* Frameworks */,
				F5587D0D22502B10004223E5 /* Resources */,
				F5587D5122502BF3004223E5 /* Embed Frameworks */,
				39732C6E0732B7CC12665F5B /* [CP] Embed Pods Frameworks */,
			);
			buildRules = (
			);
			dependencies = (
				F5587D4B22502BF3004223E5 /* PBXTargetDependency */,
			);
			name = MinervaExample;
			productName = MinervaExample;
			productReference = F5587D0F22502B10004223E5 /* MinervaExample.app */;
			productType = "com.apple.product-type.application";
		};
		F5587D4422502BF2004223E5 /* Minerva */ = {
			isa = PBXNativeTarget;
			buildConfigurationList = F5587D5022502BF3004223E5 /* Build configuration list for PBXNativeTarget "Minerva" */;
			buildPhases = (
				AF9A6126E16A4C9A7D8B3E8B /* [CP] Check Pods Manifest.lock */,
				F5587D4022502BF2004223E5 /* Headers */,
				F5587D4122502BF2004223E5 /* Sources */,
				F5587D4222502BF2004223E5 /* Frameworks */,
				F5587D4322502BF2004223E5 /* Resources */,
			);
			buildRules = (
			);
			dependencies = (
			);
			name = Minerva;
			productName = Minerva;
			productReference = F5587D4522502BF2004223E5 /* Minerva.framework */;
			productType = "com.apple.product-type.framework";
		};
/* End PBXNativeTarget section */

/* Begin PBXProject section */
		F5587D0722502B10004223E5 /* Project object */ = {
			isa = PBXProject;
			attributes = {
				LastSwiftUpdateCheck = 1120;
				LastUpgradeCheck = 1200;
				ORGANIZATIONNAME = "Optimize Fitness, Inc.";
				TargetAttributes = {
					F53EAF00237B01A200CB7FFA = {
						CreatedOnToolsVersion = 11.2.1;
						TestTargetID = F5587D0E22502B10004223E5;
					};
					F5587D0E22502B10004223E5 = {
						CreatedOnToolsVersion = 10.2;
					};
					F5587D4422502BF2004223E5 = {
						CreatedOnToolsVersion = 10.2;
						LastSwiftMigration = 1020;
					};
				};
			};
			buildConfigurationList = F5587D0A22502B10004223E5 /* Build configuration list for PBXProject "Minerva" */;
			compatibilityVersion = "Xcode 9.3";
			developmentRegion = en;
			hasScannedForEncodings = 0;
			knownRegions = (
				en,
				Base,
			);
			mainGroup = F5587D0622502B10004223E5;
			productRefGroup = F5587D1022502B10004223E5 /* Products */;
			projectDirPath = "";
			projectRoot = "";
			targets = (
				F5587D0E22502B10004223E5 /* MinervaExample */,
				F5587D4422502BF2004223E5 /* Minerva */,
				F53EAF00237B01A200CB7FFA /* MinervaTests */,
			);
		};
/* End PBXProject section */

/* Begin PBXResourcesBuildPhase section */
		F53EAEFF237B01A200CB7FFA /* Resources */ = {
			isa = PBXResourcesBuildPhase;
			buildActionMask = 2147483647;
			files = (
			);
			runOnlyForDeploymentPostprocessing = 0;
		};
		F5587D0D22502B10004223E5 /* Resources */ = {
			isa = PBXResourcesBuildPhase;
			buildActionMask = 2147483647;
			files = (
				F5587D1D22502B11004223E5 /* LaunchScreen.storyboard in Resources */,
				F5587D1A22502B11004223E5 /* Assets.xcassets in Resources */,
			);
			runOnlyForDeploymentPostprocessing = 0;
		};
		F5587D4322502BF2004223E5 /* Resources */ = {
			isa = PBXResourcesBuildPhase;
			buildActionMask = 2147483647;
			files = (
			);
			runOnlyForDeploymentPostprocessing = 0;
		};
/* End PBXResourcesBuildPhase section */

/* Begin PBXShellScriptBuildPhase section */
		39732C6E0732B7CC12665F5B /* [CP] Embed Pods Frameworks */ = {
			isa = PBXShellScriptBuildPhase;
			buildActionMask = 2147483647;
			files = (
			);
			inputFileListPaths = (
				"${PODS_ROOT}/Target Support Files/Pods-MinervaExample/Pods-MinervaExample-frameworks-${CONFIGURATION}-input-files.xcfilelist",
			);
			name = "[CP] Embed Pods Frameworks";
			outputFileListPaths = (
				"${PODS_ROOT}/Target Support Files/Pods-MinervaExample/Pods-MinervaExample-frameworks-${CONFIGURATION}-output-files.xcfilelist",
			);
			runOnlyForDeploymentPostprocessing = 0;
			shellPath = /bin/sh;
			shellScript = "\"${PODS_ROOT}/Target Support Files/Pods-MinervaExample/Pods-MinervaExample-frameworks.sh\"\n";
			showEnvVarsInLog = 0;
		};
		3B69271CDF829845916CC768 /* [CP] Embed Pods Frameworks */ = {
			isa = PBXShellScriptBuildPhase;
			buildActionMask = 2147483647;
			files = (
			);
			inputFileListPaths = (
				"${PODS_ROOT}/Target Support Files/Pods-MinervaTests/Pods-MinervaTests-frameworks-${CONFIGURATION}-input-files.xcfilelist",
			);
			name = "[CP] Embed Pods Frameworks";
			outputFileListPaths = (
				"${PODS_ROOT}/Target Support Files/Pods-MinervaTests/Pods-MinervaTests-frameworks-${CONFIGURATION}-output-files.xcfilelist",
			);
			runOnlyForDeploymentPostprocessing = 0;
			shellPath = /bin/sh;
			shellScript = "\"${PODS_ROOT}/Target Support Files/Pods-MinervaTests/Pods-MinervaTests-frameworks.sh\"\n";
			showEnvVarsInLog = 0;
		};
		6442496C3C3B783E941CB8D7 /* [CP] Check Pods Manifest.lock */ = {
			isa = PBXShellScriptBuildPhase;
			buildActionMask = 2147483647;
			files = (
			);
			inputFileListPaths = (
			);
			inputPaths = (
				"${PODS_PODFILE_DIR_PATH}/Podfile.lock",
				"${PODS_ROOT}/Manifest.lock",
			);
			name = "[CP] Check Pods Manifest.lock";
			outputFileListPaths = (
			);
			outputPaths = (
				"$(DERIVED_FILE_DIR)/Pods-MinervaExample-checkManifestLockResult.txt",
			);
			runOnlyForDeploymentPostprocessing = 0;
			shellPath = /bin/sh;
			shellScript = "diff \"${PODS_PODFILE_DIR_PATH}/Podfile.lock\" \"${PODS_ROOT}/Manifest.lock\" > /dev/null\nif [ $? != 0 ] ; then\n    # print error to STDERR\n    echo \"error: The sandbox is not in sync with the Podfile.lock. Run 'pod install' or update your CocoaPods installation.\" >&2\n    exit 1\nfi\n# This output is used by Xcode 'outputs' to avoid re-running this script phase.\necho \"SUCCESS\" > \"${SCRIPT_OUTPUT_FILE_0}\"\n";
			showEnvVarsInLog = 0;
		};
		76D5DDC7BB855E269438163B /* [CP] Check Pods Manifest.lock */ = {
			isa = PBXShellScriptBuildPhase;
			buildActionMask = 2147483647;
			files = (
			);
			inputFileListPaths = (
			);
			inputPaths = (
				"${PODS_PODFILE_DIR_PATH}/Podfile.lock",
				"${PODS_ROOT}/Manifest.lock",
			);
			name = "[CP] Check Pods Manifest.lock";
			outputFileListPaths = (
			);
			outputPaths = (
				"$(DERIVED_FILE_DIR)/Pods-MinervaTests-checkManifestLockResult.txt",
			);
			runOnlyForDeploymentPostprocessing = 0;
			shellPath = /bin/sh;
			shellScript = "diff \"${PODS_PODFILE_DIR_PATH}/Podfile.lock\" \"${PODS_ROOT}/Manifest.lock\" > /dev/null\nif [ $? != 0 ] ; then\n    # print error to STDERR\n    echo \"error: The sandbox is not in sync with the Podfile.lock. Run 'pod install' or update your CocoaPods installation.\" >&2\n    exit 1\nfi\n# This output is used by Xcode 'outputs' to avoid re-running this script phase.\necho \"SUCCESS\" > \"${SCRIPT_OUTPUT_FILE_0}\"\n";
			showEnvVarsInLog = 0;
		};
		AF9A6126E16A4C9A7D8B3E8B /* [CP] Check Pods Manifest.lock */ = {
			isa = PBXShellScriptBuildPhase;
			buildActionMask = 2147483647;
			files = (
			);
			inputFileListPaths = (
			);
			inputPaths = (
				"${PODS_PODFILE_DIR_PATH}/Podfile.lock",
				"${PODS_ROOT}/Manifest.lock",
			);
			name = "[CP] Check Pods Manifest.lock";
			outputFileListPaths = (
			);
			outputPaths = (
				"$(DERIVED_FILE_DIR)/Pods-Minerva-checkManifestLockResult.txt",
			);
			runOnlyForDeploymentPostprocessing = 0;
			shellPath = /bin/sh;
			shellScript = "diff \"${PODS_PODFILE_DIR_PATH}/Podfile.lock\" \"${PODS_ROOT}/Manifest.lock\" > /dev/null\nif [ $? != 0 ] ; then\n    # print error to STDERR\n    echo \"error: The sandbox is not in sync with the Podfile.lock. Run 'pod install' or update your CocoaPods installation.\" >&2\n    exit 1\nfi\n# This output is used by Xcode 'outputs' to avoid re-running this script phase.\necho \"SUCCESS\" > \"${SCRIPT_OUTPUT_FILE_0}\"\n";
			showEnvVarsInLog = 0;
		};
		F53EAEFC237B007100CB7FFA /* Run SwiftLint */ = {
			isa = PBXShellScriptBuildPhase;
			buildActionMask = 2147483647;
			files = (
			);
			inputFileListPaths = (
			);
			inputPaths = (
			);
			name = "Run SwiftLint";
			outputFileListPaths = (
			);
			outputPaths = (
			);
			runOnlyForDeploymentPostprocessing = 0;
			shellPath = /bin/sh;
			shellScript = "\"${PODS_ROOT}/SwiftLint/swiftlint\"\n";
		};
/* End PBXShellScriptBuildPhase section */

/* Begin PBXSourcesBuildPhase section */
		F53EAEFD237B01A200CB7FFA /* Sources */ = {
			isa = PBXSourcesBuildPhase;
			buildActionMask = 2147483647;
			files = (
				DDBAF4232496BE8100C2818F /* NavigationCoordinatorTests.swift in Sources */,
				0CE9D37C2543463E00EDA062 /* NavigationCoordinatorWrapperTests.swift in Sources */,
			);
			runOnlyForDeploymentPostprocessing = 0;
		};
		F5587D0B22502B10004223E5 /* Sources */ = {
			isa = PBXSourcesBuildPhase;
			buildActionMask = 2147483647;
			files = (
				F5587D1322502B10004223E5 /* AppDelegate.swift in Sources */,
			);
			runOnlyForDeploymentPostprocessing = 0;
		};
		F5587D4122502BF2004223E5 /* Sources */ = {
			isa = PBXSourcesBuildPhase;
			buildActionMask = 2147483647;
			files = (
				F5F08AF423192C4900C249E9 /* Coordinator.swift in Sources */,
				DDBAF41E24940DE600C2818F /* NavigationCoordinatorNavigator.swift in Sources */,
				F5F08AF623192C9B00C249E9 /* Navigator.swift in Sources */,
				0CE9D3782543462600EDA062 /* NavigationCoordinatorWrapper.swift in Sources */,
				F5AF6431235E414A0042F342 /* BasicNavigator.swift in Sources */,
				DDBAF41F24940DE600C2818F /* NavigationCoordinator.swift in Sources */,
			);
			runOnlyForDeploymentPostprocessing = 0;
		};
/* End PBXSourcesBuildPhase section */

/* Begin PBXTargetDependency section */
		F53EAF08237B01A200CB7FFA /* PBXTargetDependency */ = {
			isa = PBXTargetDependency;
			target = F5587D4422502BF2004223E5 /* Minerva */;
			targetProxy = F53EAF07237B01A200CB7FFA /* PBXContainerItemProxy */;
		};
		F53EAF0D237B068500CB7FFA /* PBXTargetDependency */ = {
			isa = PBXTargetDependency;
			target = F5587D0E22502B10004223E5 /* MinervaExample */;
			targetProxy = F53EAF0C237B068500CB7FFA /* PBXContainerItemProxy */;
		};
		F5587D4B22502BF3004223E5 /* PBXTargetDependency */ = {
			isa = PBXTargetDependency;
			target = F5587D4422502BF2004223E5 /* Minerva */;
			targetProxy = F5587D4A22502BF3004223E5 /* PBXContainerItemProxy */;
		};
/* End PBXTargetDependency section */

/* Begin PBXVariantGroup section */
		F5587D1B22502B11004223E5 /* LaunchScreen.storyboard */ = {
			isa = PBXVariantGroup;
			children = (
				F5587D1C22502B11004223E5 /* Base */,
			);
			name = LaunchScreen.storyboard;
			sourceTree = "<group>";
		};
/* End PBXVariantGroup section */

/* Begin XCBuildConfiguration section */
		F53EAF0A237B01A200CB7FFA /* Debug */ = {
			isa = XCBuildConfiguration;
			baseConfigurationReference = 58EEA07DD3A096A908482635 /* Pods-MinervaTests.debug.xcconfig */;
			buildSettings = {
				CODE_SIGN_STYLE = Automatic;
				DEVELOPMENT_TEAM = 4VDN74SBH7;
				INFOPLIST_FILE = MinervaTests/Resources/Info.plist;
				IPHONEOS_DEPLOYMENT_TARGET = 13.2;
				LD_RUNPATH_SEARCH_PATHS = (
					"$(inherited)",
					"@executable_path/Frameworks",
					"@loader_path/Frameworks",
				);
				PRODUCT_BUNDLE_IDENTIFIER = fitness.optimize.MinervaTests;
				PRODUCT_NAME = "$(TARGET_NAME)";
				SWIFT_VERSION = 5.0;
				TARGETED_DEVICE_FAMILY = "1,2";
				TEST_HOST = "$(BUILT_PRODUCTS_DIR)/MinervaExample.app/MinervaExample";
			};
			name = Debug;
		};
		F53EAF0B237B01A200CB7FFA /* Release */ = {
			isa = XCBuildConfiguration;
			baseConfigurationReference = 2700F39BA609407D5CC8DCB8 /* Pods-MinervaTests.release.xcconfig */;
			buildSettings = {
				CODE_SIGN_STYLE = Automatic;
				DEVELOPMENT_TEAM = 4VDN74SBH7;
				INFOPLIST_FILE = MinervaTests/Resources/Info.plist;
				IPHONEOS_DEPLOYMENT_TARGET = 13.2;
				LD_RUNPATH_SEARCH_PATHS = (
					"$(inherited)",
					"@executable_path/Frameworks",
					"@loader_path/Frameworks",
				);
				PRODUCT_BUNDLE_IDENTIFIER = fitness.optimize.MinervaTests;
				PRODUCT_NAME = "$(TARGET_NAME)";
				SWIFT_VERSION = 5.0;
				TARGETED_DEVICE_FAMILY = "1,2";
				TEST_HOST = "$(BUILT_PRODUCTS_DIR)/MinervaExample.app/MinervaExample";
			};
			name = Release;
		};
		F5587D3522502B12004223E5 /* Debug */ = {
			isa = XCBuildConfiguration;
			buildSettings = {
				ALWAYS_SEARCH_USER_PATHS = NO;
				CLANG_ANALYZER_NONNULL = YES;
				CLANG_ANALYZER_NUMBER_OBJECT_CONVERSION = YES_AGGRESSIVE;
				CLANG_CXX_LANGUAGE_STANDARD = "gnu++14";
				CLANG_CXX_LIBRARY = "libc++";
				CLANG_ENABLE_MODULES = YES;
				CLANG_ENABLE_OBJC_ARC = YES;
				CLANG_ENABLE_OBJC_WEAK = YES;
				CLANG_WARN_BLOCK_CAPTURE_AUTORELEASING = YES;
				CLANG_WARN_BOOL_CONVERSION = YES;
				CLANG_WARN_COMMA = YES;
				CLANG_WARN_CONSTANT_CONVERSION = YES;
				CLANG_WARN_DEPRECATED_OBJC_IMPLEMENTATIONS = YES;
				CLANG_WARN_DIRECT_OBJC_ISA_USAGE = YES_ERROR;
				CLANG_WARN_DOCUMENTATION_COMMENTS = YES;
				CLANG_WARN_EMPTY_BODY = YES;
				CLANG_WARN_ENUM_CONVERSION = YES;
				CLANG_WARN_INFINITE_RECURSION = YES;
				CLANG_WARN_INT_CONVERSION = YES;
				CLANG_WARN_NON_LITERAL_NULL_CONVERSION = YES;
				CLANG_WARN_OBJC_IMPLICIT_RETAIN_SELF = YES;
				CLANG_WARN_OBJC_LITERAL_CONVERSION = YES;
				CLANG_WARN_OBJC_ROOT_CLASS = YES_ERROR;
				CLANG_WARN_QUOTED_INCLUDE_IN_FRAMEWORK_HEADER = YES;
				CLANG_WARN_RANGE_LOOP_ANALYSIS = YES;
				CLANG_WARN_STRICT_PROTOTYPES = YES;
				CLANG_WARN_SUSPICIOUS_MOVE = YES;
				CLANG_WARN_UNGUARDED_AVAILABILITY = YES_AGGRESSIVE;
				CLANG_WARN_UNREACHABLE_CODE = YES;
				CLANG_WARN__DUPLICATE_METHOD_MATCH = YES;
				CODE_SIGN_IDENTITY = "iPhone Developer";
				COPY_PHASE_STRIP = NO;
				DEBUG_INFORMATION_FORMAT = dwarf;
				ENABLE_STRICT_OBJC_MSGSEND = YES;
				ENABLE_TESTABILITY = YES;
				GCC_C_LANGUAGE_STANDARD = gnu11;
				GCC_DYNAMIC_NO_PIC = NO;
				GCC_NO_COMMON_BLOCKS = YES;
				GCC_OPTIMIZATION_LEVEL = 0;
				GCC_PREPROCESSOR_DEFINITIONS = (
					"DEBUG=1",
					"$(inherited)",
				);
				GCC_WARN_64_TO_32_BIT_CONVERSION = YES;
				GCC_WARN_ABOUT_RETURN_TYPE = YES_ERROR;
				GCC_WARN_UNDECLARED_SELECTOR = YES;
				GCC_WARN_UNINITIALIZED_AUTOS = YES_AGGRESSIVE;
				GCC_WARN_UNUSED_FUNCTION = YES;
				GCC_WARN_UNUSED_VARIABLE = YES;
				IPHONEOS_DEPLOYMENT_TARGET = 13.0;
				MTL_ENABLE_DEBUG_INFO = INCLUDE_SOURCE;
				MTL_FAST_MATH = YES;
				ONLY_ACTIVE_ARCH = YES;
				SDKROOT = iphoneos;
				SWIFT_ACTIVE_COMPILATION_CONDITIONS = DEBUG;
				SWIFT_OPTIMIZATION_LEVEL = "-Onone";
			};
			name = Debug;
		};
		F5587D3622502B12004223E5 /* Release */ = {
			isa = XCBuildConfiguration;
			buildSettings = {
				ALWAYS_SEARCH_USER_PATHS = NO;
				CLANG_ANALYZER_NONNULL = YES;
				CLANG_ANALYZER_NUMBER_OBJECT_CONVERSION = YES_AGGRESSIVE;
				CLANG_CXX_LANGUAGE_STANDARD = "gnu++14";
				CLANG_CXX_LIBRARY = "libc++";
				CLANG_ENABLE_MODULES = YES;
				CLANG_ENABLE_OBJC_ARC = YES;
				CLANG_ENABLE_OBJC_WEAK = YES;
				CLANG_WARN_BLOCK_CAPTURE_AUTORELEASING = YES;
				CLANG_WARN_BOOL_CONVERSION = YES;
				CLANG_WARN_COMMA = YES;
				CLANG_WARN_CONSTANT_CONVERSION = YES;
				CLANG_WARN_DEPRECATED_OBJC_IMPLEMENTATIONS = YES;
				CLANG_WARN_DIRECT_OBJC_ISA_USAGE = YES_ERROR;
				CLANG_WARN_DOCUMENTATION_COMMENTS = YES;
				CLANG_WARN_EMPTY_BODY = YES;
				CLANG_WARN_ENUM_CONVERSION = YES;
				CLANG_WARN_INFINITE_RECURSION = YES;
				CLANG_WARN_INT_CONVERSION = YES;
				CLANG_WARN_NON_LITERAL_NULL_CONVERSION = YES;
				CLANG_WARN_OBJC_IMPLICIT_RETAIN_SELF = YES;
				CLANG_WARN_OBJC_LITERAL_CONVERSION = YES;
				CLANG_WARN_OBJC_ROOT_CLASS = YES_ERROR;
				CLANG_WARN_QUOTED_INCLUDE_IN_FRAMEWORK_HEADER = YES;
				CLANG_WARN_RANGE_LOOP_ANALYSIS = YES;
				CLANG_WARN_STRICT_PROTOTYPES = YES;
				CLANG_WARN_SUSPICIOUS_MOVE = YES;
				CLANG_WARN_UNGUARDED_AVAILABILITY = YES_AGGRESSIVE;
				CLANG_WARN_UNREACHABLE_CODE = YES;
				CLANG_WARN__DUPLICATE_METHOD_MATCH = YES;
				CODE_SIGN_IDENTITY = "iPhone Developer";
				COPY_PHASE_STRIP = NO;
				DEBUG_INFORMATION_FORMAT = "dwarf-with-dsym";
				ENABLE_NS_ASSERTIONS = NO;
				ENABLE_STRICT_OBJC_MSGSEND = YES;
				GCC_C_LANGUAGE_STANDARD = gnu11;
				GCC_NO_COMMON_BLOCKS = YES;
				GCC_WARN_64_TO_32_BIT_CONVERSION = YES;
				GCC_WARN_ABOUT_RETURN_TYPE = YES_ERROR;
				GCC_WARN_UNDECLARED_SELECTOR = YES;
				GCC_WARN_UNINITIALIZED_AUTOS = YES_AGGRESSIVE;
				GCC_WARN_UNUSED_FUNCTION = YES;
				GCC_WARN_UNUSED_VARIABLE = YES;
				IPHONEOS_DEPLOYMENT_TARGET = 13.0;
				MTL_ENABLE_DEBUG_INFO = NO;
				MTL_FAST_MATH = YES;
				SDKROOT = iphoneos;
				SWIFT_COMPILATION_MODE = wholemodule;
				SWIFT_OPTIMIZATION_LEVEL = "-O";
				VALIDATE_PRODUCT = YES;
			};
			name = Release;
		};
		F5587D3822502B12004223E5 /* Debug */ = {
			isa = XCBuildConfiguration;
			baseConfigurationReference = 93E0189BE68B730696599716 /* Pods-MinervaExample.debug.xcconfig */;
			buildSettings = {
				ASSETCATALOG_COMPILER_APPICON_NAME = AppIcon;
				CODE_SIGN_ENTITLEMENTS = MinervaExample/Resources/MinervaExample.entitlements;
				CODE_SIGN_STYLE = Automatic;
				DERIVE_MACCATALYST_PRODUCT_BUNDLE_IDENTIFIER = YES;
				DEVELOPMENT_TEAM = 4VDN74SBH7;
				INFOPLIST_FILE = MinervaExample/Resources/Info.plist;
				IPHONEOS_DEPLOYMENT_TARGET = 13.0;
				LD_RUNPATH_SEARCH_PATHS = (
					"$(inherited)",
					"@executable_path/Frameworks",
				);
				PRODUCT_BUNDLE_IDENTIFIER = fitness.optimize.MinervaExample;
				PRODUCT_NAME = "$(TARGET_NAME)";
				SUPPORTS_MACCATALYST = YES;
				SWIFT_VERSION = 5.0;
				TARGETED_DEVICE_FAMILY = "1,2";
			};
			name = Debug;
		};
		F5587D3922502B12004223E5 /* Release */ = {
			isa = XCBuildConfiguration;
			baseConfigurationReference = 8DE86EE781C6ABD14C6802AB /* Pods-MinervaExample.release.xcconfig */;
			buildSettings = {
				ASSETCATALOG_COMPILER_APPICON_NAME = AppIcon;
				CODE_SIGN_ENTITLEMENTS = MinervaExample/Resources/MinervaExample.entitlements;
				CODE_SIGN_STYLE = Automatic;
				DERIVE_MACCATALYST_PRODUCT_BUNDLE_IDENTIFIER = YES;
				DEVELOPMENT_TEAM = 4VDN74SBH7;
				INFOPLIST_FILE = MinervaExample/Resources/Info.plist;
				IPHONEOS_DEPLOYMENT_TARGET = 13.0;
				LD_RUNPATH_SEARCH_PATHS = (
					"$(inherited)",
					"@executable_path/Frameworks",
				);
				PRODUCT_BUNDLE_IDENTIFIER = fitness.optimize.MinervaExample;
				PRODUCT_NAME = "$(TARGET_NAME)";
				SUPPORTS_MACCATALYST = YES;
				SWIFT_VERSION = 5.0;
				TARGETED_DEVICE_FAMILY = "1,2";
			};
			name = Release;
		};
		F5587D4E22502BF3004223E5 /* Debug */ = {
			isa = XCBuildConfiguration;
			baseConfigurationReference = A76488B6EAE20F2878761149 /* Pods-Minerva.debug.xcconfig */;
			buildSettings = {
				CLANG_ENABLE_MODULES = YES;
				CODE_SIGN_IDENTITY = "";
				CODE_SIGN_STYLE = Automatic;
				CURRENT_PROJECT_VERSION = 1;
				DEFINES_MODULE = YES;
				DERIVE_MACCATALYST_PRODUCT_BUNDLE_IDENTIFIER = NO;
				DEVELOPMENT_TEAM = 4VDN74SBH7;
				DYLIB_COMPATIBILITY_VERSION = 1;
				DYLIB_CURRENT_VERSION = 1;
				DYLIB_INSTALL_NAME_BASE = "@rpath";
				INFOPLIST_FILE = Source/Info.plist;
				INSTALL_PATH = "$(LOCAL_LIBRARY_DIR)/Frameworks";
				IPHONEOS_DEPLOYMENT_TARGET = 12.0;
				LD_RUNPATH_SEARCH_PATHS = (
					"$(inherited)",
					"@executable_path/Frameworks",
					"@loader_path/Frameworks",
				);
				PRODUCT_BUNDLE_IDENTIFIER = fitness.optimize.Minerva;
				PRODUCT_NAME = "$(TARGET_NAME:c99extidentifier)";
				SKIP_INSTALL = YES;
				SUPPORTS_MACCATALYST = YES;
				SWIFT_OPTIMIZATION_LEVEL = "-Onone";
				SWIFT_VERSION = 5.0;
				TARGETED_DEVICE_FAMILY = "1,2";
				VERSIONING_SYSTEM = "apple-generic";
				VERSION_INFO_PREFIX = "";
			};
			name = Debug;
		};
		F5587D4F22502BF3004223E5 /* Release */ = {
			isa = XCBuildConfiguration;
			baseConfigurationReference = 85CFB5064298B0B6D267890E /* Pods-Minerva.release.xcconfig */;
			buildSettings = {
				CLANG_ENABLE_MODULES = YES;
				CODE_SIGN_IDENTITY = "";
				CODE_SIGN_STYLE = Automatic;
				CURRENT_PROJECT_VERSION = 1;
				DEFINES_MODULE = YES;
				DERIVE_MACCATALYST_PRODUCT_BUNDLE_IDENTIFIER = NO;
				DEVELOPMENT_TEAM = 4VDN74SBH7;
				DYLIB_COMPATIBILITY_VERSION = 1;
				DYLIB_CURRENT_VERSION = 1;
				DYLIB_INSTALL_NAME_BASE = "@rpath";
				INFOPLIST_FILE = Source/Info.plist;
				INSTALL_PATH = "$(LOCAL_LIBRARY_DIR)/Frameworks";
				IPHONEOS_DEPLOYMENT_TARGET = 12.0;
				LD_RUNPATH_SEARCH_PATHS = (
					"$(inherited)",
					"@executable_path/Frameworks",
					"@loader_path/Frameworks",
				);
				PRODUCT_BUNDLE_IDENTIFIER = fitness.optimize.Minerva;
				PRODUCT_NAME = "$(TARGET_NAME:c99extidentifier)";
				SKIP_INSTALL = YES;
				SUPPORTS_MACCATALYST = YES;
				SWIFT_VERSION = 5.0;
				TARGETED_DEVICE_FAMILY = "1,2";
				VERSIONING_SYSTEM = "apple-generic";
				VERSION_INFO_PREFIX = "";
			};
			name = Release;
		};
/* End XCBuildConfiguration section */

/* Begin XCConfigurationList section */
		F53EAF09237B01A200CB7FFA /* Build configuration list for PBXNativeTarget "MinervaTests" */ = {
			isa = XCConfigurationList;
			buildConfigurations = (
				F53EAF0A237B01A200CB7FFA /* Debug */,
				F53EAF0B237B01A200CB7FFA /* Release */,
			);
			defaultConfigurationIsVisible = 0;
			defaultConfigurationName = Release;
		};
		F5587D0A22502B10004223E5 /* Build configuration list for PBXProject "Minerva" */ = {
			isa = XCConfigurationList;
			buildConfigurations = (
				F5587D3522502B12004223E5 /* Debug */,
				F5587D3622502B12004223E5 /* Release */,
			);
			defaultConfigurationIsVisible = 0;
			defaultConfigurationName = Release;
		};
		F5587D3722502B12004223E5 /* Build configuration list for PBXNativeTarget "MinervaExample" */ = {
			isa = XCConfigurationList;
			buildConfigurations = (
				F5587D3822502B12004223E5 /* Debug */,
				F5587D3922502B12004223E5 /* Release */,
			);
			defaultConfigurationIsVisible = 0;
			defaultConfigurationName = Release;
		};
		F5587D5022502BF3004223E5 /* Build configuration list for PBXNativeTarget "Minerva" */ = {
			isa = XCConfigurationList;
			buildConfigurations = (
				F5587D4E22502BF3004223E5 /* Debug */,
				F5587D4F22502BF3004223E5 /* Release */,
			);
			defaultConfigurationIsVisible = 0;
			defaultConfigurationName = Release;
		};
/* End XCConfigurationList section */
	};
	rootObject = F5587D0722502B10004223E5 /* Project object */;
}
